// !$*UTF8*$!
{
	archiveVersion = 1;
	classes = {
	};
	objectVersion = 56;
	objects = {

/* Begin PBXBuildFile section */
		7D2EF9002AF4593F00497BD8 /* AppDelegate.swift in Sources */ = {isa = PBXBuildFile; fileRef = 7D2EF8FF2AF4593F00497BD8 /* AppDelegate.swift */; };
		7D2EF9022AF4593F00497BD8 /* SceneDelegate.swift in Sources */ = {isa = PBXBuildFile; fileRef = 7D2EF9012AF4593F00497BD8 /* SceneDelegate.swift */; };
		7D2EF9092AF4594000497BD8 /* Assets.xcassets in Resources */ = {isa = PBXBuildFile; fileRef = 7D2EF9082AF4594000497BD8 /* Assets.xcassets */; };
		7D2EF90C2AF4594000497BD8 /* LaunchScreen.storyboard in Resources */ = {isa = PBXBuildFile; fileRef = 7D2EF90A2AF4594000497BD8 /* LaunchScreen.storyboard */; };
		7D2EF9202AF4D3A300497BD8 /* Coordinator.swift in Sources */ = {isa = PBXBuildFile; fileRef = 7D2EF91F2AF4D3A300497BD8 /* Coordinator.swift */; };
		7D2EF9262AF4D3FD00497BD8 /* Interactor.swift in Sources */ = {isa = PBXBuildFile; fileRef = 7D2EF9212AF4D3FD00497BD8 /* Interactor.swift */; };
		7D2EF9272AF4D3FD00497BD8 /* Services.swift in Sources */ = {isa = PBXBuildFile; fileRef = 7D2EF9222AF4D3FD00497BD8 /* Services.swift */; };
		7D2EF9282AF4D3FD00497BD8 /* Constants.swift in Sources */ = {isa = PBXBuildFile; fileRef = 7D2EF9232AF4D3FD00497BD8 /* Constants.swift */; };
		7D2EF9292AF4D3FD00497BD8 /* AppData.swift in Sources */ = {isa = PBXBuildFile; fileRef = 7D2EF9242AF4D3FD00497BD8 /* AppData.swift */; };
		7D2EF92A2AF4D3FD00497BD8 /* AppCoordinator.swift in Sources */ = {isa = PBXBuildFile; fileRef = 7D2EF9252AF4D3FD00497BD8 /* AppCoordinator.swift */; };
		7D2EF92C2AF4D40E00497BD8 /* AppController.swift in Sources */ = {isa = PBXBuildFile; fileRef = 7D2EF92B2AF4D40E00497BD8 /* AppController.swift */; };
		7D2EF93F2AF4D82200497BD8 /* MainScreenPresenter.swift in Sources */ = {isa = PBXBuildFile; fileRef = 7D2EF9392AF4D82200497BD8 /* MainScreenPresenter.swift */; };
		7D2EF9402AF4D82200497BD8 /* MainScreenRouter.swift in Sources */ = {isa = PBXBuildFile; fileRef = 7D2EF93A2AF4D82200497BD8 /* MainScreenRouter.swift */; };
		7D2EF9412AF4D82200497BD8 /* MainScreenViewController.storyboard in Resources */ = {isa = PBXBuildFile; fileRef = 7D2EF93B2AF4D82200497BD8 /* MainScreenViewController.storyboard */; };
		7D2EF9422AF4D82200497BD8 /* MainScreenViewController.swift in Sources */ = {isa = PBXBuildFile; fileRef = 7D2EF93C2AF4D82200497BD8 /* MainScreenViewController.swift */; };
		7D2EF9432AF4D82200497BD8 /* MainScreenInteractor.swift in Sources */ = {isa = PBXBuildFile; fileRef = 7D2EF93D2AF4D82200497BD8 /* MainScreenInteractor.swift */; };
		7D2EF9442AF4D82200497BD8 /* MainScreenWireframe.swift in Sources */ = {isa = PBXBuildFile; fileRef = 7D2EF93E2AF4D82200497BD8 /* MainScreenWireframe.swift */; };
		7D2EF9562AF4D8AF00497BD8 /* Authenticating.swift in Sources */ = {isa = PBXBuildFile; fileRef = 7D2EF9462AF4D8AE00497BD8 /* Authenticating.swift */; };
		7D2EF9572AF4D8AF00497BD8 /* Networking.swift in Sources */ = {isa = PBXBuildFile; fileRef = 7D2EF9472AF4D8AE00497BD8 /* Networking.swift */; };
		7D2EF9582AF4D8AF00497BD8 /* NetworkManager.swift in Sources */ = {isa = PBXBuildFile; fileRef = 7D2EF9482AF4D8AE00497BD8 /* NetworkManager.swift */; };
		7D2EF9592AF4D8AF00497BD8 /* APIError.swift in Sources */ = {isa = PBXBuildFile; fileRef = 7D2EF94A2AF4D8AE00497BD8 /* APIError.swift */; };
		7D2EF95A2AF4D8AF00497BD8 /* Errorable.swift in Sources */ = {isa = PBXBuildFile; fileRef = 7D2EF94B2AF4D8AE00497BD8 /* Errorable.swift */; };
		7D2EF95B2AF4D8AF00497BD8 /* PredefinedError.swift in Sources */ = {isa = PBXBuildFile; fileRef = 7D2EF94C2AF4D8AE00497BD8 /* PredefinedError.swift */; };
		7D2EF95C2AF4D8AF00497BD8 /* SomeAuthenticator.swift in Sources */ = {isa = PBXBuildFile; fileRef = 7D2EF94E2AF4D8AE00497BD8 /* SomeAuthenticator.swift */; };
		7D2EF95D2AF4D8AF00497BD8 /* JsonResolver.swift in Sources */ = {isa = PBXBuildFile; fileRef = 7D2EF9502AF4D8AE00497BD8 /* JsonResolver.swift */; };
		7D2EF95E2AF4D8AF00497BD8 /* NetworkManager+Debug.swift in Sources */ = {isa = PBXBuildFile; fileRef = 7D2EF9512AF4D8AE00497BD8 /* NetworkManager+Debug.swift */; };
		7D2EF95F2AF4D8AF00497BD8 /* DataProviders.swift in Sources */ = {isa = PBXBuildFile; fileRef = 7D2EF9532AF4D8AE00497BD8 /* DataProviders.swift */; };
		7D2EF9602AF4D8AF00497BD8 /* DataProviding.swift in Sources */ = {isa = PBXBuildFile; fileRef = 7D2EF9542AF4D8AE00497BD8 /* DataProviding.swift */; };
		7D2EF9612AF4D8AF00497BD8 /* TargetEndPoint.swift in Sources */ = {isa = PBXBuildFile; fileRef = 7D2EF9552AF4D8AE00497BD8 /* TargetEndPoint.swift */; };
		7D2EF9642AF4D90200497BD8 /* CombineMoya in Frameworks */ = {isa = PBXBuildFile; productRef = 7D2EF9632AF4D90200497BD8 /* CombineMoya */; };
		7D2EF9662AF4D90200497BD8 /* Moya in Frameworks */ = {isa = PBXBuildFile; productRef = 7D2EF9652AF4D90200497BD8 /* Moya */; };
		7D2EF9682AF4D90200497BD8 /* ReactiveMoya in Frameworks */ = {isa = PBXBuildFile; productRef = 7D2EF9672AF4D90200497BD8 /* ReactiveMoya */; };
		7D2EF96A2AF4D90200497BD8 /* RxMoya in Frameworks */ = {isa = PBXBuildFile; productRef = 7D2EF9692AF4D90200497BD8 /* RxMoya */; };
		7D2EF97A2AF52B9800497BD8 /* Int+Extension.swift in Sources */ = {isa = PBXBuildFile; fileRef = 7D2EF96C2AF52B9800497BD8 /* Int+Extension.swift */; };
		7D2EF97B2AF52B9800497BD8 /* Date+Extension.swift in Sources */ = {isa = PBXBuildFile; fileRef = 7D2EF96D2AF52B9800497BD8 /* Date+Extension.swift */; };
		7D2EF97C2AF52B9800497BD8 /* Error+Extension.swift in Sources */ = {isa = PBXBuildFile; fileRef = 7D2EF96E2AF52B9800497BD8 /* Error+Extension.swift */; };
		7D2EF97D2AF52B9800497BD8 /* Encodable+Extension.swift in Sources */ = {isa = PBXBuildFile; fileRef = 7D2EF96F2AF52B9800497BD8 /* Encodable+Extension.swift */; };
		7D2EF97E2AF52B9800497BD8 /* Locale+Extension.swift in Sources */ = {isa = PBXBuildFile; fileRef = 7D2EF9702AF52B9800497BD8 /* Locale+Extension.swift */; };
		7D2EF97F2AF52B9800497BD8 /* String+Extension.swift in Sources */ = {isa = PBXBuildFile; fileRef = 7D2EF9712AF52B9800497BD8 /* String+Extension.swift */; };
		7D2EF9802AF52B9800497BD8 /* Data+Extension.swift in Sources */ = {isa = PBXBuildFile; fileRef = 7D2EF9722AF52B9800497BD8 /* Data+Extension.swift */; };
		7D2EF9812AF52B9800497BD8 /* Array+Extension.swift in Sources */ = {isa = PBXBuildFile; fileRef = 7D2EF9732AF52B9800497BD8 /* Array+Extension.swift */; };
		7D2EF9822AF52B9800497BD8 /* UIWindow+Extension.swift in Sources */ = {isa = PBXBuildFile; fileRef = 7D2EF9752AF52B9800497BD8 /* UIWindow+Extension.swift */; };
		7D2EF9832AF52B9800497BD8 /* UIImage+BlurHash.swift in Sources */ = {isa = PBXBuildFile; fileRef = 7D2EF9762AF52B9800497BD8 /* UIImage+BlurHash.swift */; };
		7D2EF9842AF52B9800497BD8 /* UINavigationController+Extension.swift in Sources */ = {isa = PBXBuildFile; fileRef = 7D2EF9772AF52B9800497BD8 /* UINavigationController+Extension.swift */; };
		7D2EF9852AF52B9800497BD8 /* Response+Extension.swift in Sources */ = {isa = PBXBuildFile; fileRef = 7D2EF9792AF52B9800497BD8 /* Response+Extension.swift */; };
		7D2EF9882AF6262100497BD8 /* Mocks.swift in Sources */ = {isa = PBXBuildFile; fileRef = 7D2EF9872AF6262100497BD8 /* Mocks.swift */; };
		7D2EF98A2AF6263200497BD8 /* DemoService.swift in Sources */ = {isa = PBXBuildFile; fileRef = 7D2EF9892AF6263200497BD8 /* DemoService.swift */; };
		7D2EF98C2AF6264100497BD8 /* DemoModel.swift in Sources */ = {isa = PBXBuildFile; fileRef = 7D2EF98B2AF6264100497BD8 /* DemoModel.swift */; };
		7D2EF98E2AF6272100497BD8 /* DemoView.swift in Sources */ = {isa = PBXBuildFile; fileRef = 7D2EF98D2AF6272100497BD8 /* DemoView.swift */; };
/* End PBXBuildFile section */

/* Begin PBXFileReference section */
		7D2EF8FC2AF4593F00497BD8 /* UIKit-Viper-Template.app */ = {isa = PBXFileReference; explicitFileType = wrapper.application; includeInIndex = 0; path = "UIKit-Viper-Template.app"; sourceTree = BUILT_PRODUCTS_DIR; };
		7D2EF8FF2AF4593F00497BD8 /* AppDelegate.swift */ = {isa = PBXFileReference; lastKnownFileType = sourcecode.swift; path = AppDelegate.swift; sourceTree = "<group>"; };
		7D2EF9012AF4593F00497BD8 /* SceneDelegate.swift */ = {isa = PBXFileReference; lastKnownFileType = sourcecode.swift; path = SceneDelegate.swift; sourceTree = "<group>"; };
		7D2EF9082AF4594000497BD8 /* Assets.xcassets */ = {isa = PBXFileReference; lastKnownFileType = folder.assetcatalog; path = Assets.xcassets; sourceTree = "<group>"; };
		7D2EF90B2AF4594000497BD8 /* Base */ = {isa = PBXFileReference; lastKnownFileType = file.storyboard; name = Base; path = Base.lproj/LaunchScreen.storyboard; sourceTree = "<group>"; };
		7D2EF90D2AF4594000497BD8 /* Info.plist */ = {isa = PBXFileReference; lastKnownFileType = text.plist.xml; path = Info.plist; sourceTree = "<group>"; };
		7D2EF91F2AF4D3A300497BD8 /* Coordinator.swift */ = {isa = PBXFileReference; lastKnownFileType = sourcecode.swift; path = Coordinator.swift; sourceTree = "<group>"; };
		7D2EF9212AF4D3FD00497BD8 /* Interactor.swift */ = {isa = PBXFileReference; fileEncoding = 4; lastKnownFileType = sourcecode.swift; path = Interactor.swift; sourceTree = "<group>"; };
		7D2EF9222AF4D3FD00497BD8 /* Services.swift */ = {isa = PBXFileReference; fileEncoding = 4; lastKnownFileType = sourcecode.swift; path = Services.swift; sourceTree = "<group>"; };
		7D2EF9232AF4D3FD00497BD8 /* Constants.swift */ = {isa = PBXFileReference; fileEncoding = 4; lastKnownFileType = sourcecode.swift; path = Constants.swift; sourceTree = "<group>"; };
		7D2EF9242AF4D3FD00497BD8 /* AppData.swift */ = {isa = PBXFileReference; fileEncoding = 4; lastKnownFileType = sourcecode.swift; path = AppData.swift; sourceTree = "<group>"; };
		7D2EF9252AF4D3FD00497BD8 /* AppCoordinator.swift */ = {isa = PBXFileReference; fileEncoding = 4; lastKnownFileType = sourcecode.swift; path = AppCoordinator.swift; sourceTree = "<group>"; };
		7D2EF92B2AF4D40E00497BD8 /* AppController.swift */ = {isa = PBXFileReference; fileEncoding = 4; lastKnownFileType = sourcecode.swift; path = AppController.swift; sourceTree = "<group>"; };
		7D2EF9392AF4D82200497BD8 /* MainScreenPresenter.swift */ = {isa = PBXFileReference; lastKnownFileType = sourcecode.swift; path = MainScreenPresenter.swift; sourceTree = "<group>"; };
		7D2EF93A2AF4D82200497BD8 /* MainScreenRouter.swift */ = {isa = PBXFileReference; lastKnownFileType = sourcecode.swift; path = MainScreenRouter.swift; sourceTree = "<group>"; };
		7D2EF93B2AF4D82200497BD8 /* MainScreenViewController.storyboard */ = {isa = PBXFileReference; lastKnownFileType = file.storyboard; path = MainScreenViewController.storyboard; sourceTree = "<group>"; };
		7D2EF93C2AF4D82200497BD8 /* MainScreenViewController.swift */ = {isa = PBXFileReference; lastKnownFileType = sourcecode.swift; path = MainScreenViewController.swift; sourceTree = "<group>"; };
		7D2EF93D2AF4D82200497BD8 /* MainScreenInteractor.swift */ = {isa = PBXFileReference; lastKnownFileType = sourcecode.swift; path = MainScreenInteractor.swift; sourceTree = "<group>"; };
		7D2EF93E2AF4D82200497BD8 /* MainScreenWireframe.swift */ = {isa = PBXFileReference; lastKnownFileType = sourcecode.swift; path = MainScreenWireframe.swift; sourceTree = "<group>"; };
		7D2EF9462AF4D8AE00497BD8 /* Authenticating.swift */ = {isa = PBXFileReference; fileEncoding = 4; lastKnownFileType = sourcecode.swift; path = Authenticating.swift; sourceTree = "<group>"; };
		7D2EF9472AF4D8AE00497BD8 /* Networking.swift */ = {isa = PBXFileReference; fileEncoding = 4; lastKnownFileType = sourcecode.swift; path = Networking.swift; sourceTree = "<group>"; };
		7D2EF9482AF4D8AE00497BD8 /* NetworkManager.swift */ = {isa = PBXFileReference; fileEncoding = 4; lastKnownFileType = sourcecode.swift; path = NetworkManager.swift; sourceTree = "<group>"; };
		7D2EF94A2AF4D8AE00497BD8 /* APIError.swift */ = {isa = PBXFileReference; fileEncoding = 4; lastKnownFileType = sourcecode.swift; path = APIError.swift; sourceTree = "<group>"; };
		7D2EF94B2AF4D8AE00497BD8 /* Errorable.swift */ = {isa = PBXFileReference; fileEncoding = 4; lastKnownFileType = sourcecode.swift; path = Errorable.swift; sourceTree = "<group>"; };
		7D2EF94C2AF4D8AE00497BD8 /* PredefinedError.swift */ = {isa = PBXFileReference; fileEncoding = 4; lastKnownFileType = sourcecode.swift; path = PredefinedError.swift; sourceTree = "<group>"; };
		7D2EF94E2AF4D8AE00497BD8 /* SomeAuthenticator.swift */ = {isa = PBXFileReference; fileEncoding = 4; lastKnownFileType = sourcecode.swift; path = SomeAuthenticator.swift; sourceTree = "<group>"; };
		7D2EF9502AF4D8AE00497BD8 /* JsonResolver.swift */ = {isa = PBXFileReference; fileEncoding = 4; lastKnownFileType = sourcecode.swift; path = JsonResolver.swift; sourceTree = "<group>"; };
		7D2EF9512AF4D8AE00497BD8 /* NetworkManager+Debug.swift */ = {isa = PBXFileReference; fileEncoding = 4; lastKnownFileType = sourcecode.swift; path = "NetworkManager+Debug.swift"; sourceTree = "<group>"; };
		7D2EF9532AF4D8AE00497BD8 /* DataProviders.swift */ = {isa = PBXFileReference; fileEncoding = 4; lastKnownFileType = sourcecode.swift; path = DataProviders.swift; sourceTree = "<group>"; };
		7D2EF9542AF4D8AE00497BD8 /* DataProviding.swift */ = {isa = PBXFileReference; fileEncoding = 4; lastKnownFileType = sourcecode.swift; path = DataProviding.swift; sourceTree = "<group>"; };
		7D2EF9552AF4D8AE00497BD8 /* TargetEndPoint.swift */ = {isa = PBXFileReference; fileEncoding = 4; lastKnownFileType = sourcecode.swift; path = TargetEndPoint.swift; sourceTree = "<group>"; };
		7D2EF96C2AF52B9800497BD8 /* Int+Extension.swift */ = {isa = PBXFileReference; fileEncoding = 4; lastKnownFileType = sourcecode.swift; path = "Int+Extension.swift"; sourceTree = "<group>"; };
		7D2EF96D2AF52B9800497BD8 /* Date+Extension.swift */ = {isa = PBXFileReference; fileEncoding = 4; lastKnownFileType = sourcecode.swift; path = "Date+Extension.swift"; sourceTree = "<group>"; };
		7D2EF96E2AF52B9800497BD8 /* Error+Extension.swift */ = {isa = PBXFileReference; fileEncoding = 4; lastKnownFileType = sourcecode.swift; path = "Error+Extension.swift"; sourceTree = "<group>"; };
		7D2EF96F2AF52B9800497BD8 /* Encodable+Extension.swift */ = {isa = PBXFileReference; fileEncoding = 4; lastKnownFileType = sourcecode.swift; path = "Encodable+Extension.swift"; sourceTree = "<group>"; };
		7D2EF9702AF52B9800497BD8 /* Locale+Extension.swift */ = {isa = PBXFileReference; fileEncoding = 4; lastKnownFileType = sourcecode.swift; path = "Locale+Extension.swift"; sourceTree = "<group>"; };
		7D2EF9712AF52B9800497BD8 /* String+Extension.swift */ = {isa = PBXFileReference; fileEncoding = 4; lastKnownFileType = sourcecode.swift; path = "String+Extension.swift"; sourceTree = "<group>"; };
		7D2EF9722AF52B9800497BD8 /* Data+Extension.swift */ = {isa = PBXFileReference; fileEncoding = 4; lastKnownFileType = sourcecode.swift; path = "Data+Extension.swift"; sourceTree = "<group>"; };
		7D2EF9732AF52B9800497BD8 /* Array+Extension.swift */ = {isa = PBXFileReference; fileEncoding = 4; lastKnownFileType = sourcecode.swift; path = "Array+Extension.swift"; sourceTree = "<group>"; };
		7D2EF9752AF52B9800497BD8 /* UIWindow+Extension.swift */ = {isa = PBXFileReference; fileEncoding = 4; lastKnownFileType = sourcecode.swift; path = "UIWindow+Extension.swift"; sourceTree = "<group>"; };
		7D2EF9762AF52B9800497BD8 /* UIImage+BlurHash.swift */ = {isa = PBXFileReference; fileEncoding = 4; lastKnownFileType = sourcecode.swift; path = "UIImage+BlurHash.swift"; sourceTree = "<group>"; };
		7D2EF9772AF52B9800497BD8 /* UINavigationController+Extension.swift */ = {isa = PBXFileReference; fileEncoding = 4; lastKnownFileType = sourcecode.swift; path = "UINavigationController+Extension.swift"; sourceTree = "<group>"; };
		7D2EF9792AF52B9800497BD8 /* Response+Extension.swift */ = {isa = PBXFileReference; fileEncoding = 4; lastKnownFileType = sourcecode.swift; path = "Response+Extension.swift"; sourceTree = "<group>"; };
		7D2EF9872AF6262100497BD8 /* Mocks.swift */ = {isa = PBXFileReference; fileEncoding = 4; lastKnownFileType = sourcecode.swift; path = Mocks.swift; sourceTree = "<group>"; };
		7D2EF9892AF6263200497BD8 /* DemoService.swift */ = {isa = PBXFileReference; fileEncoding = 4; lastKnownFileType = sourcecode.swift; path = DemoService.swift; sourceTree = "<group>"; };
		7D2EF98B2AF6264100497BD8 /* DemoModel.swift */ = {isa = PBXFileReference; fileEncoding = 4; lastKnownFileType = sourcecode.swift; path = DemoModel.swift; sourceTree = "<group>"; };
		7D2EF98D2AF6272100497BD8 /* DemoView.swift */ = {isa = PBXFileReference; fileEncoding = 4; lastKnownFileType = sourcecode.swift; path = DemoView.swift; sourceTree = "<group>"; };
/* End PBXFileReference section */

/* Begin PBXFrameworksBuildPhase section */
		7D2EF8F92AF4593F00497BD8 /* Frameworks */ = {
			isa = PBXFrameworksBuildPhase;
			buildActionMask = 2147483647;
			files = (
				7D2EF9662AF4D90200497BD8 /* Moya in Frameworks */,
				7D2EF9642AF4D90200497BD8 /* CombineMoya in Frameworks */,
				7D2EF96A2AF4D90200497BD8 /* RxMoya in Frameworks */,
				7D2EF9682AF4D90200497BD8 /* ReactiveMoya in Frameworks */,
			);
			runOnlyForDeploymentPostprocessing = 0;
		};
/* End PBXFrameworksBuildPhase section */

/* Begin PBXGroup section */
		7D2EF8F32AF4593F00497BD8 = {
			isa = PBXGroup;
			children = (
				7D2EF8FE2AF4593F00497BD8 /* UIKit-Viper-Template */,
				7D2EF8FD2AF4593F00497BD8 /* Products */,
			);
			sourceTree = "<group>";
		};
		7D2EF8FD2AF4593F00497BD8 /* Products */ = {
			isa = PBXGroup;
			children = (
				7D2EF8FC2AF4593F00497BD8 /* UIKit-Viper-Template.app */,
			);
			name = Products;
			sourceTree = "<group>";
		};
		7D2EF8FE2AF4593F00497BD8 /* UIKit-Viper-Template */ = {
			isa = PBXGroup;
			children = (
				7D2EF9132AF4D29F00497BD8 /* Base */,
				7D2EF9142AF4D2AE00497BD8 /* Model */,
				7D2EF9152AF4D2B900497BD8 /* Module */,
				7D2EF9452AF4D8AE00497BD8 /* Networking */,
				7D2EF9162AF4D2BF00497BD8 /* Services */,
				7D2EF9172AF4D2C700497BD8 /* Support */,
				7D2EF9182AF4D2CE00497BD8 /* Utility */,
				7D2EF9192AF4D2D500497BD8 /* View */,
			);
			path = "UIKit-Viper-Template";
			sourceTree = "<group>";
		};
		7D2EF9132AF4D29F00497BD8 /* Base */ = {
			isa = PBXGroup;
			children = (
				7D2EF92B2AF4D40E00497BD8 /* AppController.swift */,
				7D2EF9252AF4D3FD00497BD8 /* AppCoordinator.swift */,
				7D2EF9242AF4D3FD00497BD8 /* AppData.swift */,
				7D2EF8FF2AF4593F00497BD8 /* AppDelegate.swift */,
				7D2EF9232AF4D3FD00497BD8 /* Constants.swift */,
				7D2EF9212AF4D3FD00497BD8 /* Interactor.swift */,
				7D2EF9012AF4593F00497BD8 /* SceneDelegate.swift */,
				7D2EF9222AF4D3FD00497BD8 /* Services.swift */,
			);
			path = Base;
			sourceTree = "<group>";
		};
		7D2EF9142AF4D2AE00497BD8 /* Model */ = {
			isa = PBXGroup;
			children = (
				7D2EF98B2AF6264100497BD8 /* DemoModel.swift */,
			);
			path = Model;
			sourceTree = "<group>";
		};
		7D2EF9152AF4D2B900497BD8 /* Module */ = {
			isa = PBXGroup;
			children = (
				7D2EF91C2AF4D36900497BD8 /* Main */,
			);
			path = Module;
			sourceTree = "<group>";
		};
		7D2EF9162AF4D2BF00497BD8 /* Services */ = {
			isa = PBXGroup;
			children = (
				7D2EF9892AF6263200497BD8 /* DemoService.swift */,
			);
			path = Services;
			sourceTree = "<group>";
		};
		7D2EF9172AF4D2C700497BD8 /* Support */ = {
			isa = PBXGroup;
			children = (
				7D2EF91A2AF4D2F400497BD8 /* AppConfig */,
				7D2EF9862AF6262100497BD8 /* Mocks */,
				7D2EF91B2AF4D32C00497BD8 /* Resources */,
			);
			path = Support;
			sourceTree = "<group>";
		};
		7D2EF9182AF4D2CE00497BD8 /* Utility */ = {
			isa = PBXGroup;
			children = (
				7D2EF91E2AF4D39000497BD8 /* Extensions */,
				7D2EF91D2AF4D38700497BD8 /* Protocols */,
			);
			path = Utility;
			sourceTree = "<group>";
		};
		7D2EF9192AF4D2D500497BD8 /* View */ = {
			isa = PBXGroup;
			children = (
				7D2EF98D2AF6272100497BD8 /* DemoView.swift */,
			);
			path = View;
			sourceTree = "<group>";
		};
		7D2EF91A2AF4D2F400497BD8 /* AppConfig */ = {
			isa = PBXGroup;
			children = (
				7D2EF90D2AF4594000497BD8 /* Info.plist */,
			);
			path = AppConfig;
			sourceTree = "<group>";
		};
		7D2EF91B2AF4D32C00497BD8 /* Resources */ = {
			isa = PBXGroup;
			children = (
				7D2EF9082AF4594000497BD8 /* Assets.xcassets */,
				7D2EF90A2AF4594000497BD8 /* LaunchScreen.storyboard */,
			);
			path = Resources;
			sourceTree = "<group>";
		};
		7D2EF91C2AF4D36900497BD8 /* Main */ = {
			isa = PBXGroup;
			children = (
				7D2EF9392AF4D82200497BD8 /* MainScreenPresenter.swift */,
				7D2EF93A2AF4D82200497BD8 /* MainScreenRouter.swift */,
				7D2EF93B2AF4D82200497BD8 /* MainScreenViewController.storyboard */,
				7D2EF93C2AF4D82200497BD8 /* MainScreenViewController.swift */,
				7D2EF93D2AF4D82200497BD8 /* MainScreenInteractor.swift */,
				7D2EF93E2AF4D82200497BD8 /* MainScreenWireframe.swift */,
			);
			path = Main;
			sourceTree = "<group>";
		};
		7D2EF91D2AF4D38700497BD8 /* Protocols */ = {
			isa = PBXGroup;
			children = (
				7D2EF91F2AF4D3A300497BD8 /* Coordinator.swift */,
			);
			path = Protocols;
			sourceTree = "<group>";
		};
		7D2EF91E2AF4D39000497BD8 /* Extensions */ = {
			isa = PBXGroup;
			children = (
				7D2EF96B2AF52B9800497BD8 /* Foundation */,
				7D2EF9782AF52B9800497BD8 /* Moya */,
				7D2EF9742AF52B9800497BD8 /* UIKit */,
			);
			path = Extensions;
			sourceTree = "<group>";
		};
		7D2EF9452AF4D8AE00497BD8 /* Networking */ = {
			isa = PBXGroup;
			children = (
				7D2EF9462AF4D8AE00497BD8 /* Authenticating.swift */,
				7D2EF9472AF4D8AE00497BD8 /* Networking.swift */,
				7D2EF9482AF4D8AE00497BD8 /* NetworkManager.swift */,
				7D2EF9512AF4D8AE00497BD8 /* NetworkManager+Debug.swift */,
				7D2EF9552AF4D8AE00497BD8 /* TargetEndPoint.swift */,
				7D2EF94D2AF4D8AE00497BD8 /* Authenticators */,
				7D2EF9522AF4D8AE00497BD8 /* Data Providers */,
				7D2EF9492AF4D8AE00497BD8 /* Errors */,
				7D2EF94F2AF4D8AE00497BD8 /* JsonResolver */,
			);
			path = Networking;
			sourceTree = "<group>";
		};
		7D2EF9492AF4D8AE00497BD8 /* Errors */ = {
			isa = PBXGroup;
			children = (
				7D2EF94A2AF4D8AE00497BD8 /* APIError.swift */,
				7D2EF94B2AF4D8AE00497BD8 /* Errorable.swift */,
				7D2EF94C2AF4D8AE00497BD8 /* PredefinedError.swift */,
			);
			path = Errors;
			sourceTree = "<group>";
		};
		7D2EF94D2AF4D8AE00497BD8 /* Authenticators */ = {
			isa = PBXGroup;
			children = (
				7D2EF94E2AF4D8AE00497BD8 /* SomeAuthenticator.swift */,
			);
			path = Authenticators;
			sourceTree = "<group>";
		};
		7D2EF94F2AF4D8AE00497BD8 /* JsonResolver */ = {
			isa = PBXGroup;
			children = (
				7D2EF9502AF4D8AE00497BD8 /* JsonResolver.swift */,
			);
			path = JsonResolver;
			sourceTree = "<group>";
		};
		7D2EF9522AF4D8AE00497BD8 /* Data Providers */ = {
			isa = PBXGroup;
			children = (
				7D2EF9532AF4D8AE00497BD8 /* DataProviders.swift */,
				7D2EF9542AF4D8AE00497BD8 /* DataProviding.swift */,
			);
			path = "Data Providers";
			sourceTree = "<group>";
		};
		7D2EF96B2AF52B9800497BD8 /* Foundation */ = {
			isa = PBXGroup;
			children = (
				7D2EF96C2AF52B9800497BD8 /* Int+Extension.swift */,
				7D2EF96D2AF52B9800497BD8 /* Date+Extension.swift */,
				7D2EF96E2AF52B9800497BD8 /* Error+Extension.swift */,
				7D2EF96F2AF52B9800497BD8 /* Encodable+Extension.swift */,
				7D2EF9702AF52B9800497BD8 /* Locale+Extension.swift */,
				7D2EF9712AF52B9800497BD8 /* String+Extension.swift */,
				7D2EF9722AF52B9800497BD8 /* Data+Extension.swift */,
				7D2EF9732AF52B9800497BD8 /* Array+Extension.swift */,
			);
			path = Foundation;
			sourceTree = "<group>";
		};
		7D2EF9742AF52B9800497BD8 /* UIKit */ = {
			isa = PBXGroup;
			children = (
				7D2EF9752AF52B9800497BD8 /* UIWindow+Extension.swift */,
				7D2EF9762AF52B9800497BD8 /* UIImage+BlurHash.swift */,
				7D2EF9772AF52B9800497BD8 /* UINavigationController+Extension.swift */,
			);
			path = UIKit;
			sourceTree = "<group>";
		};
		7D2EF9782AF52B9800497BD8 /* Moya */ = {
			isa = PBXGroup;
			children = (
				7D2EF9792AF52B9800497BD8 /* Response+Extension.swift */,
			);
			path = Moya;
			sourceTree = "<group>";
		};
		7D2EF9862AF6262100497BD8 /* Mocks */ = {
			isa = PBXGroup;
			children = (
				7D2EF9872AF6262100497BD8 /* Mocks.swift */,
			);
			path = Mocks;
			sourceTree = "<group>";
		};
/* End PBXGroup section */

/* Begin PBXNativeTarget section */
		7D2EF8FB2AF4593F00497BD8 /* UIKit-Viper-Template */ = {
			isa = PBXNativeTarget;
			buildConfigurationList = 7D2EF9102AF4594000497BD8 /* Build configuration list for PBXNativeTarget "UIKit-Viper-Template" */;
			buildPhases = (
				7D2EF8F82AF4593F00497BD8 /* Sources */,
				7D2EF8F92AF4593F00497BD8 /* Frameworks */,
				7D2EF8FA2AF4593F00497BD8 /* Resources */,
			);
			buildRules = (
			);
			dependencies = (
			);
			name = "UIKit-Viper-Template";
			packageProductDependencies = (
				7D2EF9632AF4D90200497BD8 /* CombineMoya */,
				7D2EF9652AF4D90200497BD8 /* Moya */,
				7D2EF9672AF4D90200497BD8 /* ReactiveMoya */,
				7D2EF9692AF4D90200497BD8 /* RxMoya */,
			);
			productName = "UIKit-Viper-Template";
			productReference = 7D2EF8FC2AF4593F00497BD8 /* UIKit-Viper-Template.app */;
			productType = "com.apple.product-type.application";
		};
/* End PBXNativeTarget section */

/* Begin PBXProject section */
		7D2EF8F42AF4593F00497BD8 /* Project object */ = {
			isa = PBXProject;
			attributes = {
				BuildIndependentTargetsInParallel = 1;
				LastSwiftUpdateCheck = 1500;
				LastUpgradeCheck = 1500;
				TargetAttributes = {
					7D2EF8FB2AF4593F00497BD8 = {
						CreatedOnToolsVersion = 15.0;
					};
				};
			};
			buildConfigurationList = 7D2EF8F72AF4593F00497BD8 /* Build configuration list for PBXProject "UIKit-Viper-Template" */;
			compatibilityVersion = "Xcode 14.0";
			developmentRegion = en;
			hasScannedForEncodings = 0;
			knownRegions = (
				en,
				Base,
			);
			mainGroup = 7D2EF8F32AF4593F00497BD8;
			packageReferences = (
				7D2EF9622AF4D90200497BD8 /* XCRemoteSwiftPackageReference "Moya" */,
			);
			productRefGroup = 7D2EF8FD2AF4593F00497BD8 /* Products */;
			projectDirPath = "";
			projectRoot = "";
			targets = (
				7D2EF8FB2AF4593F00497BD8 /* UIKit-Viper-Template */,
			);
		};
/* End PBXProject section */

/* Begin PBXResourcesBuildPhase section */
		7D2EF8FA2AF4593F00497BD8 /* Resources */ = {
			isa = PBXResourcesBuildPhase;
			buildActionMask = 2147483647;
			files = (
				7D2EF90C2AF4594000497BD8 /* LaunchScreen.storyboard in Resources */,
				7D2EF9412AF4D82200497BD8 /* MainScreenViewController.storyboard in Resources */,
				7D2EF9092AF4594000497BD8 /* Assets.xcassets in Resources */,
			);
			runOnlyForDeploymentPostprocessing = 0;
		};
/* End PBXResourcesBuildPhase section */

/* Begin PBXSourcesBuildPhase section */
		7D2EF8F82AF4593F00497BD8 /* Sources */ = {
			isa = PBXSourcesBuildPhase;
			buildActionMask = 2147483647;
			files = (
				7D2EF9562AF4D8AF00497BD8 /* Authenticating.swift in Sources */,
				7D2EF9272AF4D3FD00497BD8 /* Services.swift in Sources */,
				7D2EF9852AF52B9800497BD8 /* Response+Extension.swift in Sources */,
				7D2EF9432AF4D82200497BD8 /* MainScreenInteractor.swift in Sources */,
				7D2EF9572AF4D8AF00497BD8 /* Networking.swift in Sources */,
				7D2EF9882AF6262100497BD8 /* Mocks.swift in Sources */,
				7D2EF9002AF4593F00497BD8 /* AppDelegate.swift in Sources */,
				7D2EF9602AF4D8AF00497BD8 /* DataProviding.swift in Sources */,
				7D2EF9022AF4593F00497BD8 /* SceneDelegate.swift in Sources */,
				7D2EF95F2AF4D8AF00497BD8 /* DataProviders.swift in Sources */,
				7D2EF98A2AF6263200497BD8 /* DemoService.swift in Sources */,
				7D2EF9802AF52B9800497BD8 /* Data+Extension.swift in Sources */,
				7D2EF9812AF52B9800497BD8 /* Array+Extension.swift in Sources */,
				7D2EF98E2AF6272100497BD8 /* DemoView.swift in Sources */,
				7D2EF97C2AF52B9800497BD8 /* Error+Extension.swift in Sources */,
				7D2EF95E2AF4D8AF00497BD8 /* NetworkManager+Debug.swift in Sources */,
				7D2EF9262AF4D3FD00497BD8 /* Interactor.swift in Sources */,
				7D2EF9442AF4D82200497BD8 /* MainScreenWireframe.swift in Sources */,
				7D2EF95B2AF4D8AF00497BD8 /* PredefinedError.swift in Sources */,
				7D2EF97A2AF52B9800497BD8 /* Int+Extension.swift in Sources */,
				7D2EF9822AF52B9800497BD8 /* UIWindow+Extension.swift in Sources */,
				7D2EF92A2AF4D3FD00497BD8 /* AppCoordinator.swift in Sources */,
				7D2EF9422AF4D82200497BD8 /* MainScreenViewController.swift in Sources */,
				7D2EF98C2AF6264100497BD8 /* DemoModel.swift in Sources */,
				7D2EF97F2AF52B9800497BD8 /* String+Extension.swift in Sources */,
				7D2EF9582AF4D8AF00497BD8 /* NetworkManager.swift in Sources */,
				7D2EF92C2AF4D40E00497BD8 /* AppController.swift in Sources */,
				7D2EF95C2AF4D8AF00497BD8 /* SomeAuthenticator.swift in Sources */,
				7D2EF9612AF4D8AF00497BD8 /* TargetEndPoint.swift in Sources */,
				7D2EF95A2AF4D8AF00497BD8 /* Errorable.swift in Sources */,
				7D2EF95D2AF4D8AF00497BD8 /* JsonResolver.swift in Sources */,
				7D2EF9832AF52B9800497BD8 /* UIImage+BlurHash.swift in Sources */,
				7D2EF97E2AF52B9800497BD8 /* Locale+Extension.swift in Sources */,
				7D2EF9842AF52B9800497BD8 /* UINavigationController+Extension.swift in Sources */,
				7D2EF9202AF4D3A300497BD8 /* Coordinator.swift in Sources */,
				7D2EF97D2AF52B9800497BD8 /* Encodable+Extension.swift in Sources */,
				7D2EF9402AF4D82200497BD8 /* MainScreenRouter.swift in Sources */,
				7D2EF9282AF4D3FD00497BD8 /* Constants.swift in Sources */,
				7D2EF9292AF4D3FD00497BD8 /* AppData.swift in Sources */,
				7D2EF97B2AF52B9800497BD8 /* Date+Extension.swift in Sources */,
				7D2EF93F2AF4D82200497BD8 /* MainScreenPresenter.swift in Sources */,
				7D2EF9592AF4D8AF00497BD8 /* APIError.swift in Sources */,
			);
			runOnlyForDeploymentPostprocessing = 0;
		};
/* End PBXSourcesBuildPhase section */

/* Begin PBXVariantGroup section */
		7D2EF90A2AF4594000497BD8 /* LaunchScreen.storyboard */ = {
			isa = PBXVariantGroup;
			children = (
				7D2EF90B2AF4594000497BD8 /* Base */,
			);
			name = LaunchScreen.storyboard;
			sourceTree = "<group>";
		};
/* End PBXVariantGroup section */

/* Begin XCBuildConfiguration section */
		7D2EF90E2AF4594000497BD8 /* Debug */ = {
			isa = XCBuildConfiguration;
			buildSettings = {
				ALWAYS_SEARCH_USER_PATHS = NO;
				ASSETCATALOG_COMPILER_GENERATE_SWIFT_ASSET_SYMBOL_EXTENSIONS = YES;
				CLANG_ANALYZER_NONNULL = YES;
				CLANG_ANALYZER_NUMBER_OBJECT_CONVERSION = YES_AGGRESSIVE;
				CLANG_CXX_LANGUAGE_STANDARD = "gnu++20";
				CLANG_ENABLE_MODULES = YES;
				CLANG_ENABLE_OBJC_ARC = YES;
				CLANG_ENABLE_OBJC_WEAK = YES;
				CLANG_WARN_BLOCK_CAPTURE_AUTORELEASING = YES;
				CLANG_WARN_BOOL_CONVERSION = YES;
				CLANG_WARN_COMMA = YES;
				CLANG_WARN_CONSTANT_CONVERSION = YES;
				CLANG_WARN_DEPRECATED_OBJC_IMPLEMENTATIONS = YES;
				CLANG_WARN_DIRECT_OBJC_ISA_USAGE = YES_ERROR;
				CLANG_WARN_DOCUMENTATION_COMMENTS = YES;
				CLANG_WARN_EMPTY_BODY = YES;
				CLANG_WARN_ENUM_CONVERSION = YES;
				CLANG_WARN_INFINITE_RECURSION = YES;
				CLANG_WARN_INT_CONVERSION = YES;
				CLANG_WARN_NON_LITERAL_NULL_CONVERSION = YES;
				CLANG_WARN_OBJC_IMPLICIT_RETAIN_SELF = YES;
				CLANG_WARN_OBJC_LITERAL_CONVERSION = YES;
				CLANG_WARN_OBJC_ROOT_CLASS = YES_ERROR;
				CLANG_WARN_QUOTED_INCLUDE_IN_FRAMEWORK_HEADER = YES;
				CLANG_WARN_RANGE_LOOP_ANALYSIS = YES;
				CLANG_WARN_STRICT_PROTOTYPES = YES;
				CLANG_WARN_SUSPICIOUS_MOVE = YES;
				CLANG_WARN_UNGUARDED_AVAILABILITY = YES_AGGRESSIVE;
				CLANG_WARN_UNREACHABLE_CODE = YES;
				CLANG_WARN__DUPLICATE_METHOD_MATCH = YES;
				COPY_PHASE_STRIP = NO;
				DEBUG_INFORMATION_FORMAT = dwarf;
				ENABLE_STRICT_OBJC_MSGSEND = YES;
				ENABLE_TESTABILITY = YES;
				ENABLE_USER_SCRIPT_SANDBOXING = YES;
				GCC_C_LANGUAGE_STANDARD = gnu17;
				GCC_DYNAMIC_NO_PIC = NO;
				GCC_NO_COMMON_BLOCKS = YES;
				GCC_OPTIMIZATION_LEVEL = 0;
				GCC_PREPROCESSOR_DEFINITIONS = (
					"DEBUG=1",
					"$(inherited)",
				);
				GCC_WARN_64_TO_32_BIT_CONVERSION = YES;
				GCC_WARN_ABOUT_RETURN_TYPE = YES_ERROR;
				GCC_WARN_UNDECLARED_SELECTOR = YES;
				GCC_WARN_UNINITIALIZED_AUTOS = YES_AGGRESSIVE;
				GCC_WARN_UNUSED_FUNCTION = YES;
				GCC_WARN_UNUSED_VARIABLE = YES;
				IPHONEOS_DEPLOYMENT_TARGET = 17.0;
				LOCALIZATION_PREFERS_STRING_CATALOGS = YES;
				MTL_ENABLE_DEBUG_INFO = INCLUDE_SOURCE;
				MTL_FAST_MATH = YES;
				ONLY_ACTIVE_ARCH = YES;
				SDKROOT = iphoneos;
				SWIFT_ACTIVE_COMPILATION_CONDITIONS = "DEBUG $(inherited)";
				SWIFT_OPTIMIZATION_LEVEL = "-Onone";
			};
			name = Debug;
		};
		7D2EF90F2AF4594000497BD8 /* Release */ = {
			isa = XCBuildConfiguration;
			buildSettings = {
				ALWAYS_SEARCH_USER_PATHS = NO;
				ASSETCATALOG_COMPILER_GENERATE_SWIFT_ASSET_SYMBOL_EXTENSIONS = YES;
				CLANG_ANALYZER_NONNULL = YES;
				CLANG_ANALYZER_NUMBER_OBJECT_CONVERSION = YES_AGGRESSIVE;
				CLANG_CXX_LANGUAGE_STANDARD = "gnu++20";
				CLANG_ENABLE_MODULES = YES;
				CLANG_ENABLE_OBJC_ARC = YES;
				CLANG_ENABLE_OBJC_WEAK = YES;
				CLANG_WARN_BLOCK_CAPTURE_AUTORELEASING = YES;
				CLANG_WARN_BOOL_CONVERSION = YES;
				CLANG_WARN_COMMA = YES;
				CLANG_WARN_CONSTANT_CONVERSION = YES;
				CLANG_WARN_DEPRECATED_OBJC_IMPLEMENTATIONS = YES;
				CLANG_WARN_DIRECT_OBJC_ISA_USAGE = YES_ERROR;
				CLANG_WARN_DOCUMENTATION_COMMENTS = YES;
				CLANG_WARN_EMPTY_BODY = YES;
				CLANG_WARN_ENUM_CONVERSION = YES;
				CLANG_WARN_INFINITE_RECURSION = YES;
				CLANG_WARN_INT_CONVERSION = YES;
				CLANG_WARN_NON_LITERAL_NULL_CONVERSION = YES;
				CLANG_WARN_OBJC_IMPLICIT_RETAIN_SELF = YES;
				CLANG_WARN_OBJC_LITERAL_CONVERSION = YES;
				CLANG_WARN_OBJC_ROOT_CLASS = YES_ERROR;
				CLANG_WARN_QUOTED_INCLUDE_IN_FRAMEWORK_HEADER = YES;
				CLANG_WARN_RANGE_LOOP_ANALYSIS = YES;
				CLANG_WARN_STRICT_PROTOTYPES = YES;
				CLANG_WARN_SUSPICIOUS_MOVE = YES;
				CLANG_WARN_UNGUARDED_AVAILABILITY = YES_AGGRESSIVE;
				CLANG_WARN_UNREACHABLE_CODE = YES;
				CLANG_WARN__DUPLICATE_METHOD_MATCH = YES;
				COPY_PHASE_STRIP = NO;
				DEBUG_INFORMATION_FORMAT = "dwarf-with-dsym";
				ENABLE_NS_ASSERTIONS = NO;
				ENABLE_STRICT_OBJC_MSGSEND = YES;
				ENABLE_USER_SCRIPT_SANDBOXING = YES;
				GCC_C_LANGUAGE_STANDARD = gnu17;
				GCC_NO_COMMON_BLOCKS = YES;
				GCC_WARN_64_TO_32_BIT_CONVERSION = YES;
				GCC_WARN_ABOUT_RETURN_TYPE = YES_ERROR;
				GCC_WARN_UNDECLARED_SELECTOR = YES;
				GCC_WARN_UNINITIALIZED_AUTOS = YES_AGGRESSIVE;
				GCC_WARN_UNUSED_FUNCTION = YES;
				GCC_WARN_UNUSED_VARIABLE = YES;
				IPHONEOS_DEPLOYMENT_TARGET = 17.0;
				LOCALIZATION_PREFERS_STRING_CATALOGS = YES;
				MTL_ENABLE_DEBUG_INFO = NO;
				MTL_FAST_MATH = YES;
				SDKROOT = iphoneos;
				SWIFT_COMPILATION_MODE = wholemodule;
				VALIDATE_PRODUCT = YES;
			};
			name = Release;
		};
		7D2EF9112AF4594000497BD8 /* Debug */ = {
			isa = XCBuildConfiguration;
			buildSettings = {
				ASSETCATALOG_COMPILER_APPICON_NAME = AppIcon;
				ASSETCATALOG_COMPILER_GLOBAL_ACCENT_COLOR_NAME = AccentColor;
				CODE_SIGN_STYLE = Automatic;
				CURRENT_PROJECT_VERSION = 1;
				DEVELOPMENT_TEAM = 765F9357QN;
				GENERATE_INFOPLIST_FILE = YES;
				INFOPLIST_FILE = "UIKit-Viper-Template/Support/AppConfig/Info.plist";
				INFOPLIST_KEY_UIApplicationSupportsIndirectInputEvents = YES;
				INFOPLIST_KEY_UILaunchStoryboardName = LaunchScreen;
				INFOPLIST_KEY_UISupportedInterfaceOrientations_iPad = "UIInterfaceOrientationPortrait UIInterfaceOrientationPortraitUpsideDown UIInterfaceOrientationLandscapeLeft UIInterfaceOrientationLandscapeRight";
				INFOPLIST_KEY_UISupportedInterfaceOrientations_iPhone = "UIInterfaceOrientationPortrait UIInterfaceOrientationLandscapeLeft UIInterfaceOrientationLandscapeRight";
				LD_RUNPATH_SEARCH_PATHS = (
					"$(inherited)",
					"@executable_path/Frameworks",
				);
				MARKETING_VERSION = 1.0;
				PRODUCT_BUNDLE_IDENTIFIER = "com.tt.UIKit-Viper-Template";
				PRODUCT_NAME = "$(TARGET_NAME)";
				SWIFT_EMIT_LOC_STRINGS = YES;
				SWIFT_VERSION = 5.0;
				TARGETED_DEVICE_FAMILY = "1,2";
			};
			name = Debug;
		};
		7D2EF9122AF4594000497BD8 /* Release */ = {
			isa = XCBuildConfiguration;
			buildSettings = {
				ASSETCATALOG_COMPILER_APPICON_NAME = AppIcon;
				ASSETCATALOG_COMPILER_GLOBAL_ACCENT_COLOR_NAME = AccentColor;
				CODE_SIGN_STYLE = Automatic;
				CURRENT_PROJECT_VERSION = 1;
				DEVELOPMENT_TEAM = 765F9357QN;
				GENERATE_INFOPLIST_FILE = YES;
				INFOPLIST_FILE = "UIKit-Viper-Template/Support/AppConfig/Info.plist";
				INFOPLIST_KEY_UIApplicationSupportsIndirectInputEvents = YES;
				INFOPLIST_KEY_UILaunchStoryboardName = LaunchScreen;
				INFOPLIST_KEY_UISupportedInterfaceOrientations_iPad = "UIInterfaceOrientationPortrait UIInterfaceOrientationPortraitUpsideDown UIInterfaceOrientationLandscapeLeft UIInterfaceOrientationLandscapeRight";
				INFOPLIST_KEY_UISupportedInterfaceOrientations_iPhone = "UIInterfaceOrientationPortrait UIInterfaceOrientationLandscapeLeft UIInterfaceOrientationLandscapeRight";
				LD_RUNPATH_SEARCH_PATHS = (
					"$(inherited)",
					"@executable_path/Frameworks",
				);
				MARKETING_VERSION = 1.0;
				PRODUCT_BUNDLE_IDENTIFIER = "com.tt.UIKit-Viper-Template";
				PRODUCT_NAME = "$(TARGET_NAME)";
				SWIFT_EMIT_LOC_STRINGS = YES;
				SWIFT_VERSION = 5.0;
				TARGETED_DEVICE_FAMILY = "1,2";
			};
			name = Release;
		};
/* End XCBuildConfiguration section */

/* Begin XCConfigurationList section */
		7D2EF8F72AF4593F00497BD8 /* Build configuration list for PBXProject "UIKit-Viper-Template" */ = {
			isa = XCConfigurationList;
			buildConfigurations = (
				7D2EF90E2AF4594000497BD8 /* Debug */,
				7D2EF90F2AF4594000497BD8 /* Release */,
			);
			defaultConfigurationIsVisible = 0;
			defaultConfigurationName = Release;
		};
		7D2EF9102AF4594000497BD8 /* Build configuration list for PBXNativeTarget "UIKit-Viper-Template" */ = {
			isa = XCConfigurationList;
			buildConfigurations = (
				7D2EF9112AF4594000497BD8 /* Debug */,
				7D2EF9122AF4594000497BD8 /* Release */,
			);
			defaultConfigurationIsVisible = 0;
			defaultConfigurationName = Release;
		};
/* End XCConfigurationList section */

/* Begin XCRemoteSwiftPackageReference section */
		7D2EF9622AF4D90200497BD8 /* XCRemoteSwiftPackageReference "Moya" */ = {
			isa = XCRemoteSwiftPackageReference;
			repositoryURL = "https://github.com/Moya/Moya.git";
			requirement = {
				kind = upToNextMajorVersion;
				minimumVersion = 15.0.3;
			};
		};
/* End XCRemoteSwiftPackageReference section */

/* Begin XCSwiftPackageProductDependency section */
		7D2EF9632AF4D90200497BD8 /* CombineMoya */ = {
			isa = XCSwiftPackageProductDependency;
			package = 7D2EF9622AF4D90200497BD8 /* XCRemoteSwiftPackageReference "Moya" */;
			productName = CombineMoya;
		};
		7D2EF9652AF4D90200497BD8 /* Moya */ = {
			isa = XCSwiftPackageProductDependency;
			package = 7D2EF9622AF4D90200497BD8 /* XCRemoteSwiftPackageReference "Moya" */;
			productName = Moya;
		};
		7D2EF9672AF4D90200497BD8 /* ReactiveMoya */ = {
			isa = XCSwiftPackageProductDependency;
			package = 7D2EF9622AF4D90200497BD8 /* XCRemoteSwiftPackageReference "Moya" */;
			productName = ReactiveMoya;
		};
		7D2EF9692AF4D90200497BD8 /* RxMoya */ = {
			isa = XCSwiftPackageProductDependency;
			package = 7D2EF9622AF4D90200497BD8 /* XCRemoteSwiftPackageReference "Moya" */;
			productName = RxMoya;
		};
/* End XCSwiftPackageProductDependency section */
	};
	rootObject = 7D2EF8F42AF4593F00497BD8 /* Project object */;
}
